{
  "name": "shenHaiXiaochu",
  "lockfileVersion": 3,
  "requires": true,
  "packages": {
    "": {
      "name": "shenHaiXiaochu",
      "dependencies": {
        "@alipay/faas-web-sdk": "^1.1.25",
        "miniprogram-api-typings": "^4.0.1"
      }
    },
    "node_modules/@alipay/faas-common-sdk": {
      "version": "1.1.25",
      "resolved": "https://registry.npmmirror.com/@alipay/faas-common-sdk/-/faas-common-sdk-1.1.25.tgz",
      "integrity": "sha512-51QwpOobbecX1Cj5PSsFX6NWRWKe6Im/F46vVdDFEWZv9ONe8UkDIyozeSuObyCYbSXu/Xb8VO3KIQ3NHmIkjg==",
      "license": "MIT",
      "dependencies": {
        "@alipay/faas-db-builder": "^1.1.25"
      },
      "engines": {
        "node": ">= 14.0.0"
      }
    },
    "node_modules/@alipay/faas-db-builder": {
      "version": "1.1.25",
      "resolved": "https://registry.npmmirror.com/@alipay/faas-db-builder/-/faas-db-builder-1.1.25.tgz",
      "integrity": "sha512-fWPUnmvw1Sd2coMTATpxFNF+xGvrDnRCUJcqvq7vKhYbeD+bCqnZDpktdx3hfTec9PbCZl4+REisd4XlSfcXiA==",
      "license": "MIT",
      "engines": {
        "node": ">= 14.0.0"
      }
    },
    "node_modules/@alipay/faas-web-sdk": {
      "version": "1.1.25",
      "resolved": "https://registry.npmmirror.com/@alipay/faas-web-sdk/-/faas-web-sdk-1.1.25.tgz",
      "integrity": "sha512-ViXYRezen7dp9jft7Xa3xmo1llefyMo3Lqgb6qOAUfVwwHdRhP27T9G7BduTRhENVTeCzlPAApCYeQTjcCGAhg==",
      "license": "MIT",
      "dependencies": {
        "@alipay/faas-common-sdk": "^1.1.25",
        "crypto-js": "^4.1.1"
      }
    },
    "node_modules/crypto-js": {
      "version": "4.2.0",
      "resolved": "https://registry.npmmirror.com/crypto-js/-/crypto-js-4.2.0.tgz",
      "integrity": "sha512-KALDyEYgpY+Rlob/iriUtjV6d5Eq+Y191A5g4UqLAi8CyGP9N1+FdVbkc1SxKc2r4YAYqG8JzO2KGL+AizD70Q==",
      "license": "MIT"
    },
    "node_modules/miniprogram-api-typings": {
      "version": "4.0.1",
      "resolved": "https://registry.npmmirror.com/miniprogram-api-typings/-/miniprogram-api-typings-4.0.1.tgz",
      "integrity": "sha512-Ok4SSNCYnNLgbAhHCpIeqx6XICZ3aUxZ2iQDExmwKEinWaQQFzzxobK5JP9skrEOWn9PoKodjw4iUdF8Um0i/A=="
    }
  }
}
